
Microsoft Visual Studio Solution File, Format Version 12.00
# Visual Studio Version 17
VisualStudioVersion = 17.12.35707.178 d17.12
MinimumVisualStudioVersion = 10.0.40219.1
Project("{FAE04EC0-301F-11D3-BF4B-00C04F79EFBC}") = "PFC_Clayton_Menu", "PFC_Clayton_Menu\PFC_Clayton_Menu.csproj", "{A820E7D8-EA19-4E4D-98BB-3236AB4BE0AB}"
EndProject
Global
	GlobalSection(SolutionConfigurationPlatforms) = preSolution
		Debug|Any CPU = Debug|Any CPU
		Release|Any CPU = Release|Any CPU
	EndGlobalSection
	GlobalSection(ProjectConfigurationPlatforms) = postSolution
		{A820E7D8-EA19-4E4D-98BB-3236AB4BE0AB}.Debug|Any CPU.ActiveCfg = Debug|Any CPU
		{A820E7D8-EA19-4E4D-98BB-3236AB4BE0AB}.Debug|Any CPU.Build.0 = Debug|Any CPU
		{A820E7D8-EA19-4E4D-98BB-3236AB4BE0AB}.Release|Any CPU.ActiveCfg = Release|Any CPU
		{A820E7D8-EA19-4E4D-98BB-3236AB4BE0AB}.Release|Any CPU.Build.0 = Release|Any CPU
	EndGlobalSection
	GlobalSection(SolutionProperties) = preSolution
		HideSolutionNode = FALSE
	EndGlobalSection
EndGlobal
